{
  "pins" : [
    {
      "identity" : "swiftui-window-overlay",
      "kind" : "remoteSourceControl",
      "location" : "https://github.com/sunghyun-k/swiftui-window-overlay.git",
      "state" : {
        "revision" : "af0adae224dfe27e094bdef19a71fa4cc020cfbb",
        "version" : "1.0.1"
      }
    }
  ],
  "version" : 2
}
